version = 1
revision = 3
requires-python = ">=3.10"

[[package]]
name = "safetensors"
version = "0.8.0"
source = { registry = "https://pypi.org/simple" }
sdist = { url = "https://files.pythonhosted.org/packages/45/06/f955dbbb1859e3bd23c8ac6141af5106e7ad5fedec4a3a6e3d60f94b7001/safetensors-0.8.0.tar.gz", hash = "sha256:fabaf3e0f18a6618d9b36560682562157f77c2b71fcffc7b432be2baed9d753d", size = 325846, upload-time = "2026-06-09T07:52:25.563Z" }
wheels = [
    { url = "https://files.pythonhosted.org/packages/39/a0/f718cda65b05407d228f97602cf60dca269c979867aa5beb25410de26cd3/safetensors-0.8.0-cp310-abi3-macosx_10_12_x86_64.whl", hash = "sha256:c554f85858e05226d3c2828e32395e677434685d6d94594a41643361c5e837f0", size = 473568, upload-time = "2026-06-09T07:52:18.829Z" },
    { url = "https://files.pythonhosted.org/packages/f5/b1/fa7c600e7dceae12e9606c7578cbc9ff1e1ed55844883ee5c92205e86226/safetensors-0.8.0-cp310-abi3-macosx_11_0_arm64.whl", hash = "sha256:c80201d22cbf405b80647a60ada77bba06c8fba2da2743ba1e89cdcc39a81f25", size = 484562, upload-time = "2026-06-09T07:52:17.518Z" },
    { url = "https://files.pythonhosted.org/packages/09/7d/65a7de0af421317bb36a067241e4235fff194eed60b961ed6d3f59a3fc60/safetensors-0.8.0-cp310-abi3-manylinux_2_17_aarch64.manylinux2014_aarch64.whl", hash = "sha256:7a46e5ff292c356d6991e60942ba7f79817682d3a2cef0702136448cb9c4d235", size = 502844, upload-time = "2026-06-09T07:52:07.624Z" },
    { url = "https://files.pythonhosted.org/packages/91/4f/3175c9d75634e0e0dda0082794193521035edd7c70a6f212bf33ca06ddf4/safetensors-0.8.0-cp310-abi3-manylinux_2_17_armv7l.manylinux2014_armv7l.whl", hash = "sha256:4124502b78f03534117c848f87a39b8f31e577b15eff423bf8bfb95f2a8c30d0", size = 511823, upload-time = "2026-06-09T07:52:09.565Z" },
    { url = "https://files.pythonhosted.org/packages/20/87/846c289e7aa2299eff406335717cf43ce8777194ece8aad75772e0411615/safetensors-0.8.0-cp310-abi3-manylinux_2_17_ppc64le.manylinux2014_ppc64le.whl", hash = "sha256:7bc0a787ba8a35be368ee3574edfa2b1ad389eebd0a72e482ae275490e3f6c98", size = 633461, upload-time = "2026-06-09T07:52:11.128Z" },
    { url = "https://files.pythonhosted.org/packages/76/22/8d64d9df2c45d5ded401df889d0ad90882804ca172d79ec4f0df8f727fe0/safetensors-0.8.0-cp310-abi3-manylinux_2_17_s390x.manylinux2014_s390x.whl", hash = "sha256:040070828e36dc8e122178bbbd5830ff9e97920affb84cbe0f46442497bed358", size = 545148, upload-time = "2026-06-09T07:52:13.603Z" },
    { url = "https://files.pythonhosted.org/packages/28/50/f203ff3a3ddfe19308efc83c5a3a29ed02bf786732ec35e68bf9162f3365/safetensors-0.8.0-cp310-abi3-manylinux_2_17_x86_64.manylinux2014_x86_64.whl", hash = "sha256:fd6f3f93c9a0a7cc2788ee63fb763353d4bd2e89b0751bc78fcf7dda00bea774", size = 516040, upload-time = "2026-06-09T07:52:16.29Z" },
    { url = "https://files.pythonhosted.org/packages/46/fb/cdaed17ceb2948784fd9c36b6fd3e951b608547cea81a48e8ee6f8cfdfcb/safetensors-0.8.0-cp310-abi3-manylinux_2_31_riscv64.whl", hash = "sha256:fcdd41ec4628fee5799f807c73c353629130fbd942aa23d83c623dd6c9d52d78", size = 513832, upload-time = "2026-06-09T07:52:12.37Z" },
    { url = "https://files.pythonhosted.org/packages/0d/49/1e15de264dcc3b77943d2d0c56a95809956883b1c2d6d585c792523f180b/safetensors-0.8.0-cp310-abi3-manylinux_2_5_i686.manylinux1_i686.whl", hash = "sha256:8e9f537aa183a38ace122d27303dcd986b26bd2a7591f9181d7f0c396f4677ca", size = 559930, upload-time = "2026-06-09T07:52:14.743Z" },
    { url = "https://files.pythonhosted.org/packages/2a/43/bf38443278eab4b1be1fce2931e2b012ad9cb7df52ada751d0aab8f7659a/safetensors-0.8.0-cp310-abi3-musllinux_1_2_aarch64.whl", hash = "sha256:87eec7ffed2b809f05a398a8becb7d013f19f7837cd15d9748580d6cf30dbaf4", size = 678670, upload-time = "2026-06-09T07:52:20.032Z" },
    { url = "https://files.pythonhosted.org/packages/72/e3/68cd3fa5b48488e84add63e04cb12f3bc28ae4638c06d4508c6e88823d0e/safetensors-0.8.0-cp310-abi3-musllinux_1_2_armv7l.whl", hash = "sha256:4a95ae2b05d7726d751da4ebf626a2ca782b706e101bd894c95bc2450b1cffcc", size = 786679, upload-time = "2026-06-09T07:52:21.322Z" },
    { url = "https://files.pythonhosted.org/packages/29/4b/1c19c509d56e01f4fbb3d0a2e597450f6cc04d1d56cf52defb0a62dfd715/safetensors-0.8.0-cp310-abi3-musllinux_1_2_i686.whl", hash = "sha256:3ae091f16662658bdc019a4ff6cb4c085bb7d725eb5978b183ffd265863b6d2d", size = 765683, upload-time = "2026-06-09T07:52:22.594Z" },
    { url = "https://files.pythonhosted.org/packages/27/43/41c1621732edd934d868a00d1b891584c892a7b62a9aab82ea5a0a5623ee/safetensors-0.8.0-cp310-abi3-musllinux_1_2_x86_64.whl", hash = "sha256:8e080062fcde23be189565e1c3305d16751a218ecf9412c8601e64204eb6f846", size = 722361, upload-time = "2026-06-09T07:52:23.924Z" },
    { url = "https://files.pythonhosted.org/packages/8e/3f/73ccf82579412b4a71c4ca673f10b5f1f888d7cf5af7fe24f27d30307be4/safetensors-0.8.0-cp310-abi3-win32.whl", hash = "sha256:2ddf52eac562eda224f99acfa7889d02968c1fd59a5b011ae7d8137c37e9c02d", size = 342401, upload-time = "2026-06-09T07:52:28.895Z" },
    { url = "https://files.pythonhosted.org/packages/1b/6d/3fba214c1e5e0f69991677ec3bc17023f0421776975e1de0c682dca475e2/safetensors-0.8.0-cp310-abi3-win_amd64.whl", hash = "sha256:096ec1a98435df7beb08853bb5aa9081a84f23d0adc67ed1a0a10550f608373f", size = 355540, upload-time = "2026-06-09T07:52:27.832Z" },
    { url = "https://files.pythonhosted.org/packages/8d/fc/7eedc3510d97878876e32774eebbeb61c43f148a96e915c84229a3e967aa/safetensors-0.8.0-cp310-abi3-win_arm64.whl", hash = "sha256:f7838e5135a406ad3e02efdcb8cf2e5397d368b0154537c4fec682dbc544d452", size = 340500, upload-time = "2026-06-09T07:52:26.745Z" },
]

[[package]]
name = "vllm-online-train"
version = "0.2.0"
source = { editable = "." }
dependencies = [
    { name = "safetensors" },
]

[package.metadata]
requires-dist = [{ name = "safetensors" }]
